
Microsoft Visual Studio Solution File, Format Version 12.00
# Visual Studio Version 16
VisualStudioVersion = 16.0.30204.135
MinimumVisualStudioVersion = 10.0.40219.1
Project("{8BC9CEB8-8B4A-11D0-8D11-00A0C91BC942}") = "APK_1", "APK_1\APK_1.vcxproj", "{61FC9CA3-BCF8-47A5-986B-76391A7EE779}"
EndProject
Global
	GlobalSection(SolutionConfigurationPlatforms) = preSolution
		Debug|x64 = Debug|x64
		Debug|x86 = Debug|x86
		Release|x64 = Release|x64
		Release|x86 = Release|x86
	EndGlobalSection
	GlobalSection(ProjectConfigurationPlatforms) = postSolution
		{61FC9CA3-BCF8-47A5-986B-76391A7EE779}.Debug|x64.ActiveCfg = Debug|x64
		{61FC9CA3-BCF8-47A5-986B-76391A7EE779}.Debug|x64.Build.0 = Debug|x64
		{61FC9CA3-BCF8-47A5-986B-76391A7EE779}.Debug|x86.ActiveCfg = Debug|Win32
		{61FC9CA3-BCF8-47A5-986B-76391A7EE779}.Debug|x86.Build.0 = Debug|Win32
		{61FC9CA3-BCF8-47A5-986B-76391A7EE779}.Release|x64.ActiveCfg = Release|x64
		{61FC9CA3-BCF8-47A5-986B-76391A7EE779}.Release|x64.Build.0 = Release|x64
		{61FC9CA3-BCF8-47A5-986B-76391A7EE779}.Release|x86.ActiveCfg = Release|Win32
		{61FC9CA3-BCF8-47A5-986B-76391A7EE779}.Release|x86.Build.0 = Release|Win32
	EndGlobalSection
	GlobalSection(SolutionProperties) = preSolution
		HideSolutionNode = FALSE
	EndGlobalSection
	GlobalSection(ExtensibilityGlobals) = postSolution
		SolutionGuid = {CE3E246B-E51D-48F2-ACEF-0CED30B3DEEC}
	EndGlobalSection
EndGlobal
